
Microsoft Visual Studio Solution File, Format Version 12.00
# Visual Studio Version 17
VisualStudioVersion = 17.1.32328.378
MinimumVisualStudioVersion = 10.0.40219.1
Project("{FAE04EC0-301F-11D3-BF4B-00C04F79EFBC}") = "RazorPizzeria", "RazorPizzeria.csproj", "{22539BB2-DADE-45DE-941F-772BE5834F58}"
EndProject
Global
	GlobalSection(SolutionConfigurationPlatforms) = preSolution
		Debug|Any CPU = Debug|Any CPU
		Release|Any CPU = Release|Any CPU
	EndGlobalSection
	GlobalSection(ProjectConfigurationPlatforms) = postSolution
		{22539BB2-DADE-45DE-941F-772BE5834F58}.Debug|Any CPU.ActiveCfg = Debug|Any CPU
		{22539BB2-DADE-45DE-941F-772BE5834F58}.Debug|Any CPU.Build.0 = Debug|Any CPU
		{22539BB2-DADE-45DE-941F-772BE5834F58}.Release|Any CPU.ActiveCfg = Release|Any CPU
		{22539BB2-DADE-45DE-941F-772BE5834F58}.Release|Any CPU.Build.0 = Release|Any CPU
	EndGlobalSection
	GlobalSection(SolutionProperties) = preSolution
		HideSolutionNode = FALSE
	EndGlobalSection
	GlobalSection(ExtensibilityGlobals) = postSolution
		SolutionGuid = {F34002EF-97EE-4408-AF74-93FD78A85A31}
	EndGlobalSection
EndGlobal
